
Microsoft Visual Studio Solution File, Format Version 12.00
# Visual Studio Version 17
VisualStudioVersion = 17.10.35122.118
MinimumVisualStudioVersion = 10.0.40219.1
Project("{FAE04EC0-301F-11D3-BF4B-00C04F79EFBC}") = "Msh.Common", "Msh.Common\Msh.Common.csproj", "{E3CF5094-A16C-48CF-BDCD-E0B5933965D3}"
EndProject
Project("{FAE04EC0-301F-11D3-BF4B-00C04F79EFBC}") = "Msh.WebApp", "Msh.WebApp\Msh.WebApp.csproj", "{7A0D72F6-3DDB-4DDA-97BB-E34F797D78A1}"
EndProject
Global
	GlobalSection(SolutionConfigurationPlatforms) = preSolution
		Debug|Any CPU = Debug|Any CPU
		Release|Any CPU = Release|Any CPU
	EndGlobalSection
	GlobalSection(ProjectConfigurationPlatforms) = postSolution
		{E3CF5094-A16C-48CF-BDCD-E0B5933965D3}.Debug|Any CPU.ActiveCfg = Debug|Any CPU
		{E3CF5094-A16C-48CF-BDCD-E0B5933965D3}.Debug|Any CPU.Build.0 = Debug|Any CPU
		{E3CF5094-A16C-48CF-BDCD-E0B5933965D3}.Release|Any CPU.ActiveCfg = Release|Any CPU
		{E3CF5094-A16C-48CF-BDCD-E0B5933965D3}.Release|Any CPU.Build.0 = Release|Any CPU
		{7A0D72F6-3DDB-4DDA-97BB-E34F797D78A1}.Debug|Any CPU.ActiveCfg = Debug|Any CPU
		{7A0D72F6-3DDB-4DDA-97BB-E34F797D78A1}.Debug|Any CPU.Build.0 = Debug|Any CPU
		{7A0D72F6-3DDB-4DDA-97BB-E34F797D78A1}.Release|Any CPU.ActiveCfg = Release|Any CPU
		{7A0D72F6-3DDB-4DDA-97BB-E34F797D78A1}.Release|Any CPU.Build.0 = Release|Any CPU
	EndGlobalSection
	GlobalSection(SolutionProperties) = preSolution
		HideSolutionNode = FALSE
	EndGlobalSection
	GlobalSection(ExtensibilityGlobals) = postSolution
		SolutionGuid = {3520EA8C-2C70-469D-8A7F-B4DA6523D012}
	EndGlobalSection
EndGlobal
